{
  "name": "acf-image-aspect-ratio-crop",
  "version": "1.1.2",
  "lockfileVersion": 1,
  "requires": true,
  "dependencies": {
    "@prettier/plugin-php": {
      "version": "github:prettier/plugin-php#ac1d1371603c617af3a009350fde6b48b0ddca34",
      "dev": true,
      "requires": {
        "mem": "3.0.1",
        "php-parser": "3.0.0-prerelease.1"
      }
    },
    "mem": {
      "version": "3.0.1",
      "resolved": "https://registry.npmjs.org/mem/-/mem-3.0.1.tgz",
      "integrity": "sha512-QKs47bslvOE0NbXOqG6lMxn6Bk0Iuw0vfrIeLykmQle2LkCw1p48dZDdzE+D88b/xqRJcZGcMNeDvSVma+NuIQ==",
      "dev": true,
      "requires": {
        "mimic-fn": "1.2.0",
        "p-is-promise": "1.1.0"
      }
    },
    "mimic-fn": {
      "version": "1.2.0",
      "resolved": "https://registry.npmjs.org/mimic-fn/-/mimic-fn-1.2.0.tgz",
      "integrity": "sha512-jf84uxzwiuiIVKiOLpfYk7N46TSy8ubTonmneY9vrpHNAnp0QBt2BxWV9dO3/j+BoVAb+a5G6YDPW3M5HOdMWQ==",
      "dev": true
    },
    "p-is-promise": {
      "version": "1.1.0",
      "resolved": "https://registry.npmjs.org/p-is-promise/-/p-is-promise-1.1.0.tgz",
      "integrity": "sha1-nJRWmJ6fZYgBewQ01WCXZ1w9oF4=",
      "dev": true
    },
    "php-parser": {
      "version": "3.0.0-prerelease.1",
      "resolved": "https://registry.npmjs.org/php-parser/-/php-parser-3.0.0-prerelease.1.tgz",
      "integrity": "sha512-CNp0K+nxhc4o/0uxavGFXSXK3TxB1YgIxGwBXaCDP+UMIxuozaffWy12uKsUc/aw8uN/eLi0YRmmiG4+G5Vo7Q==",
      "dev": true
    },
    "prettier": {
      "version": "1.14.2",
      "resolved": "https://registry.npmjs.org/prettier/-/prettier-1.14.2.tgz",
      "integrity": "sha512-McHPg0n1pIke+A/4VcaS2en+pTNjy4xF+Uuq86u/5dyDO59/TtFZtQ708QIRkEZ3qwKz3GVkVa6mpxK/CpB8Rg==",
      "dev": true
    }
  }
}
